
Microsoft Visual Studio Solution File, Format Version 12.00
# Visual Studio Version 17
VisualStudioVersion = 17.5.002.0
MinimumVisualStudioVersion = 10.0.40219.1
Project("{9A19103F-16F7-4668-BE54-9A1E7A4F7556}") = "HelloCS", "HelloCS\HelloCS.csproj", "{C7C1AC3F-1053-4114-A40B-1A927BE3F279}"
EndProject
Project("{9A19103F-16F7-4668-BE54-9A1E7A4F7556}") = "NumbersInCSharp", "numbers-quickstart\NumbersInCSharp.csproj", "{F84A8F37-7B96-4D11-88CA-534321EA9CEF}"
EndProject
Global
	GlobalSection(SolutionConfigurationPlatforms) = preSolution
		Debug|Any CPU = Debug|Any CPU
		Release|Any CPU = Release|Any CPU
	EndGlobalSection
	GlobalSection(ProjectConfigurationPlatforms) = postSolution
		{C7C1AC3F-1053-4114-A40B-1A927BE3F279}.Debug|Any CPU.ActiveCfg = Debug|Any CPU
		{C7C1AC3F-1053-4114-A40B-1A927BE3F279}.Debug|Any CPU.Build.0 = Debug|Any CPU
		{C7C1AC3F-1053-4114-A40B-1A927BE3F279}.Release|Any CPU.ActiveCfg = Release|Any CPU
		{C7C1AC3F-1053-4114-A40B-1A927BE3F279}.Release|Any CPU.Build.0 = Release|Any CPU
		{F84A8F37-7B96-4D11-88CA-534321EA9CEF}.Debug|Any CPU.ActiveCfg = Debug|Any CPU
		{F84A8F37-7B96-4D11-88CA-534321EA9CEF}.Debug|Any CPU.Build.0 = Debug|Any CPU
		{F84A8F37-7B96-4D11-88CA-534321EA9CEF}.Release|Any CPU.ActiveCfg = Release|Any CPU
		{F84A8F37-7B96-4D11-88CA-534321EA9CEF}.Release|Any CPU.Build.0 = Release|Any CPU
	EndGlobalSection
	GlobalSection(SolutionProperties) = preSolution
		HideSolutionNode = FALSE
	EndGlobalSection
	GlobalSection(ExtensibilityGlobals) = postSolution
		SolutionGuid = {566E951F-DE93-4EC4-BAA9-5658DD8861D6}
	EndGlobalSection
EndGlobal
