
Microsoft Visual Studio Solution File, Format Version 12.00
# Visual Studio Version 17
VisualStudioVersion = 17.5.002.0
MinimumVisualStudioVersion = 10.0.40219.1
Project("{2150E333-8FDC-42A3-9474-1A3956D46DE8}") = "ExerciseFiles", "ExerciseFiles", "{46900DB9-098F-4E66-BAED-39FF563AD9BB}"
EndProject
Project("{2150E333-8FDC-42A3-9474-1A3956D46DE8}") = "LearningCSharp", "LearningCSharp", "{3746A2E1-8056-428F-A610-C506776A9401}"
EndProject
Project("{2150E333-8FDC-42A3-9474-1A3956D46DE8}") = "DotNet7", "DotNet7", "{20A8126C-1B15-48B0-B3FA-C539E991A347}"
EndProject
Project("{2150E333-8FDC-42A3-9474-1A3956D46DE8}") = "Finished", "Finished", "{6DF5726A-BC57-4751-83F5-4F9EC0C607DA}"
EndProject
Project("{2150E333-8FDC-42A3-9474-1A3956D46DE8}") = "Classes", "Classes", "{EB12B93F-73B3-42DB-BCDC-9FB6626EB729}"
EndProject
Project("{9A19103F-16F7-4668-BE54-9A1E7A4F7556}") = "Defining", "ExerciseFiles\LearningCSharp\DotNet7\Finished\Classes\Defining\Defining.csproj", "{36C25223-D3B1-411C-A4E4-1F4D0C7E3DD8}"
EndProject
Project("{9A19103F-16F7-4668-BE54-9A1E7A4F7556}") = "Inheritance", "ExerciseFiles\LearningCSharp\DotNet7\Finished\Classes\Inheritance\Inheritance.csproj", "{6FBD8F4D-F879-4E58-985B-35DF1DC0BC39}"
EndProject
Project("{9A19103F-16F7-4668-BE54-9A1E7A4F7556}") = "Modifiers", "ExerciseFiles\LearningCSharp\DotNet7\Finished\Classes\Modifiers\Modifiers.csproj", "{7103E17A-9732-4F3F-9F2A-032FE73F5796}"
EndProject
Project("{9A19103F-16F7-4668-BE54-9A1E7A4F7556}") = "Properties", "ExerciseFiles\LearningCSharp\DotNet7\Finished\Classes\Properties\Properties.csproj", "{6456B2B4-3919-4235-A735-5BA96F6CF576}"
EndProject
Project("{9A19103F-16F7-4668-BE54-9A1E7A4F7556}") = "StringRep", "ExerciseFiles\LearningCSharp\DotNet7\Finished\Classes\StringRep\StringRep.csproj", "{31FD226D-B38A-426A-867E-024ACD2A51A2}"
EndProject
Project("{2150E333-8FDC-42A3-9474-1A3956D46DE8}") = "Functions", "Functions", "{3E5095B2-3C0A-436F-926D-975CC6EC3935}"
EndProject
Project("{9A19103F-16F7-4668-BE54-9A1E7A4F7556}") = "Basics", "ExerciseFiles\LearningCSharp\DotNet7\Finished\Functions\Basics\Basics.csproj", "{D9A1983C-3361-46C0-919A-6E20A6315137}"
EndProject
Project("{9A19103F-16F7-4668-BE54-9A1E7A4F7556}") = "Params", "ExerciseFiles\LearningCSharp\DotNet7\Finished\Functions\DefaultParams\Params.csproj", "{5B3BF18A-B758-40A8-9043-E7F427116AAF}"
EndProject
Project("{9A19103F-16F7-4668-BE54-9A1E7A4F7556}") = "MultiValues", "ExerciseFiles\LearningCSharp\DotNet7\Finished\Functions\MultiValues\MultiValues.csproj", "{83AB2AAA-263A-4904-9D0A-409566FDFD4C}"
EndProject
Project("{9A19103F-16F7-4668-BE54-9A1E7A4F7556}") = "RefAndOut", "ExerciseFiles\LearningCSharp\DotNet7\Finished\Functions\RefAndOutParams\RefAndOut.csproj", "{4BB49C42-95AC-4260-877C-52248ED25D9C}"
EndProject
Project("{2150E333-8FDC-42A3-9474-1A3956D46DE8}") = "Overview", "Overview", "{A48791A6-0EF2-47EA-9A35-8E7564902787}"
EndProject
Project("{9A19103F-16F7-4668-BE54-9A1E7A4F7556}") = "Comments", "ExerciseFiles\LearningCSharp\DotNet7\Finished\Overview\Comments\Comments.csproj", "{86A09A0B-FCE9-4BAA-A3F1-58395BD723A5}"
EndProject
Project("{9A19103F-16F7-4668-BE54-9A1E7A4F7556}") = "HelloWorld", "ExerciseFiles\LearningCSharp\DotNet7\Finished\Overview\HelloWorld\HelloWorld.csproj", "{A9FE2997-41C3-4D65-B350-DF608EB7D7D8}"
EndProject
Project("{9A19103F-16F7-4668-BE54-9A1E7A4F7556}") = "Operators", "ExerciseFiles\LearningCSharp\DotNet7\Finished\Overview\Operators\Operators.csproj", "{BFF65C0F-85A0-4CCF-89A9-3139F1D57057}"
EndProject
Project("{9A19103F-16F7-4668-BE54-9A1E7A4F7556}") = "VarsAndData", "ExerciseFiles\LearningCSharp\DotNet7\Finished\Overview\VarsAndData\VarsAndData.csproj", "{543E03D2-FACC-435D-9236-D24928AC96C8}"
EndProject
Project("{2150E333-8FDC-42A3-9474-1A3956D46DE8}") = "Program Flow", "Program Flow", "{3F5F29B3-1297-47E8-A27F-903B93FC5BB6}"
EndProject
Project("{9A19103F-16F7-4668-BE54-9A1E7A4F7556}") = "BreakContinue", "ExerciseFiles\LearningCSharp\DotNet7\Finished\Program Flow\BreakContinue\BreakContinue.csproj", "{DC679D3F-CAF0-4AC9-8EB8-D592F0610883}"
EndProject
Project("{9A19103F-16F7-4668-BE54-9A1E7A4F7556}") = "Conditionals", "ExerciseFiles\LearningCSharp\DotNet7\Finished\Program Flow\Conditional-if\Conditionals.csproj", "{B8814D54-7667-4058-9A09-40BC0860912E}"
EndProject
Project("{9A19103F-16F7-4668-BE54-9A1E7A4F7556}") = "ConditionalOps", "ExerciseFiles\LearningCSharp\DotNet7\Finished\Program Flow\Conditional-switch\ConditionalOps.csproj", "{5FF0CD95-671B-4D4C-BB9F-33A134027837}"
EndProject
Project("{9A19103F-16F7-4668-BE54-9A1E7A4F7556}") = "Exceptions", "ExerciseFiles\LearningCSharp\DotNet7\Finished\Program Flow\Exceptions\Exceptions.csproj", "{CAD9574A-D4FC-4E24-BD6E-D2D5B607386E}"
EndProject
Project("{9A19103F-16F7-4668-BE54-9A1E7A4F7556}") = "ForLoops", "ExerciseFiles\LearningCSharp\DotNet7\Finished\Program Flow\ForLoops\ForLoops.csproj", "{41CFB70B-557C-4068-A20C-F4BA61E91D88}"
EndProject
Project("{9A19103F-16F7-4668-BE54-9A1E7A4F7556}") = "WhileLoops", "ExerciseFiles\LearningCSharp\DotNet7\Finished\Program Flow\WhileLoops\WhileLoops.csproj", "{0A0D3C53-E7CA-4C6D-8BB1-33628CDF76B9}"
EndProject
Project("{2150E333-8FDC-42A3-9474-1A3956D46DE8}") = "Strings", "Strings", "{CE9A5A72-11B1-4750-AB77-68F1596F72EE}"
EndProject
Project("{9A19103F-16F7-4668-BE54-9A1E7A4F7556}") = "Builder", "ExerciseFiles\LearningCSharp\DotNet7\Finished\Strings\Builder\Builder.csproj", "{B2F0CF3E-531E-45AC-83EA-25A9CDA53F11}"
EndProject
Project("{9A19103F-16F7-4668-BE54-9A1E7A4F7556}") = "Formatting", "ExerciseFiles\LearningCSharp\DotNet7\Finished\Strings\Formatting\Formatting.csproj", "{FFED2202-BA7B-4675-8A03-F93C3A9786C1}"
EndProject
Project("{9A19103F-16F7-4668-BE54-9A1E7A4F7556}") = "Strings", "ExerciseFiles\LearningCSharp\DotNet7\Finished\Strings\Interpolation\Strings.csproj", "{06D7251E-AE1E-4609-A8F2-EDF939BD130A}"
EndProject
Project("{9A19103F-16F7-4668-BE54-9A1E7A4F7556}") = "Operations", "ExerciseFiles\LearningCSharp\DotNet7\Finished\Strings\Operations\Operations.csproj", "{370BFB2D-4BF2-4AE2-AFC9-FBCB11898759}"
EndProject
Project("{9A19103F-16F7-4668-BE54-9A1E7A4F7556}") = "Parsing", "ExerciseFiles\LearningCSharp\DotNet7\Finished\Strings\Parsing\Parsing.csproj", "{3318E159-10F5-4349-BA27-E113233EDFF7}"
EndProject
Project("{2150E333-8FDC-42A3-9474-1A3956D46DE8}") = "Start", "Start", "{AC508544-8868-444E-9972-1AACB11E7B61}"
EndProject
Project("{2150E333-8FDC-42A3-9474-1A3956D46DE8}") = "Classes", "Classes", "{E338A586-727A-41BE-BDE0-0FF30FC9E137}"
EndProject
Project("{9A19103F-16F7-4668-BE54-9A1E7A4F7556}") = "Defining", "ExerciseFiles\LearningCSharp\DotNet7\Start\Classes\Defining\Defining.csproj", "{5A29EFC4-0EC3-44A1-9709-2FAD89D26FAA}"
EndProject
Project("{9A19103F-16F7-4668-BE54-9A1E7A4F7556}") = "Inheritance", "ExerciseFiles\LearningCSharp\DotNet7\Start\Classes\Inheritance\Inheritance.csproj", "{96DB20FF-5320-482C-8373-3E6958780D8C}"
EndProject
Project("{9A19103F-16F7-4668-BE54-9A1E7A4F7556}") = "Modifiers", "ExerciseFiles\LearningCSharp\DotNet7\Start\Classes\Modifiers\Modifiers.csproj", "{A54CD9BC-D783-400E-968D-A71AC63DB6D8}"
EndProject
Project("{9A19103F-16F7-4668-BE54-9A1E7A4F7556}") = "Properties", "ExerciseFiles\LearningCSharp\DotNet7\Start\Classes\Properties\Properties.csproj", "{EDA45E56-5FEC-4CBA-B6D2-A3823CC7314E}"
EndProject
Project("{9A19103F-16F7-4668-BE54-9A1E7A4F7556}") = "StringRep", "ExerciseFiles\LearningCSharp\DotNet7\Start\Classes\StringRep\StringRep.csproj", "{B5FABD67-165C-4816-BFE9-1746A9B61777}"
EndProject
Project("{2150E333-8FDC-42A3-9474-1A3956D46DE8}") = "Functions", "Functions", "{52BCB2BC-1B15-4B0B-B14F-241CBF022C64}"
EndProject
Project("{9A19103F-16F7-4668-BE54-9A1E7A4F7556}") = "Basics", "ExerciseFiles\LearningCSharp\DotNet7\Start\Functions\Basics\Basics.csproj", "{5C88B35B-8B57-4EE9-851C-C085FCBE09A5}"
EndProject
Project("{9A19103F-16F7-4668-BE54-9A1E7A4F7556}") = "Params", "ExerciseFiles\LearningCSharp\DotNet7\Start\Functions\DefaultParams\Params.csproj", "{98629A68-1EC3-4CC3-933A-A57C861BE086}"
EndProject
Project("{9A19103F-16F7-4668-BE54-9A1E7A4F7556}") = "MultiValues", "ExerciseFiles\LearningCSharp\DotNet7\Start\Functions\MultiValues\MultiValues.csproj", "{6451F6E8-A09B-4743-82CD-358F1803EAD5}"
EndProject
Project("{9A19103F-16F7-4668-BE54-9A1E7A4F7556}") = "RefAndOut", "ExerciseFiles\LearningCSharp\DotNet7\Start\Functions\RefAndOutParams\RefAndOut.csproj", "{2916387C-EE1D-45E2-B926-7CED33DF7088}"
EndProject
Project("{2150E333-8FDC-42A3-9474-1A3956D46DE8}") = "Overview", "Overview", "{CA29835C-9263-4868-AF3B-84CD3D9B1B9A}"
EndProject
Project("{9A19103F-16F7-4668-BE54-9A1E7A4F7556}") = "Comments", "ExerciseFiles\LearningCSharp\DotNet7\Start\Overview\Comments\Comments.csproj", "{BD662C47-C208-4B9B-BB1A-E33B3623ECCE}"
EndProject
Project("{9A19103F-16F7-4668-BE54-9A1E7A4F7556}") = "Operators", "ExerciseFiles\LearningCSharp\DotNet7\Start\Overview\Operators\Operators.csproj", "{32304446-E619-427D-846A-D2B4C807E037}"
EndProject
Project("{9A19103F-16F7-4668-BE54-9A1E7A4F7556}") = "VarsAndData", "ExerciseFiles\LearningCSharp\DotNet7\Start\Overview\VarsAndData\VarsAndData.csproj", "{1DC8AB87-CC84-4F0F-913E-7D954897CA29}"
EndProject
Project("{2150E333-8FDC-42A3-9474-1A3956D46DE8}") = "Program Flow", "Program Flow", "{55EF8CC5-D52B-4065-BB66-8977847187FB}"
EndProject
Project("{9A19103F-16F7-4668-BE54-9A1E7A4F7556}") = "BreakContinue", "ExerciseFiles\LearningCSharp\DotNet7\Start\Program Flow\BreakContinue\BreakContinue.csproj", "{B49C44BA-0316-42E3-AA96-921F8E784958}"
EndProject
Project("{9A19103F-16F7-4668-BE54-9A1E7A4F7556}") = "Conditionals", "ExerciseFiles\LearningCSharp\DotNet7\Start\Program Flow\Conditional-if\Conditionals.csproj", "{497A882B-7F44-4C68-9B1C-E0099F424E50}"
EndProject
Project("{9A19103F-16F7-4668-BE54-9A1E7A4F7556}") = "ConditionalOps", "ExerciseFiles\LearningCSharp\DotNet7\Start\Program Flow\Conditional-switch\ConditionalOps.csproj", "{80E7C287-BC0D-412C-B36B-7A592DE25536}"
EndProject
Project("{9A19103F-16F7-4668-BE54-9A1E7A4F7556}") = "Exceptions", "ExerciseFiles\LearningCSharp\DotNet7\Start\Program Flow\Exceptions\Exceptions.csproj", "{F34CE0BA-CD8E-4523-8F1E-CCA1B367A068}"
EndProject
Project("{9A19103F-16F7-4668-BE54-9A1E7A4F7556}") = "ForLoops", "ExerciseFiles\LearningCSharp\DotNet7\Start\Program Flow\ForLoops\ForLoops.csproj", "{832CD141-A621-423E-8BBC-4C954D476EC9}"
EndProject
Project("{9A19103F-16F7-4668-BE54-9A1E7A4F7556}") = "WhileLoops", "ExerciseFiles\LearningCSharp\DotNet7\Start\Program Flow\WhileLoops\WhileLoops.csproj", "{BA097FC8-A712-4103-9B4E-736119DC9258}"
EndProject
Project("{2150E333-8FDC-42A3-9474-1A3956D46DE8}") = "Strings", "Strings", "{FB89DC30-0BF7-4AA2-AB7C-7D96F5913B7D}"
EndProject
Project("{9A19103F-16F7-4668-BE54-9A1E7A4F7556}") = "Builder", "ExerciseFiles\LearningCSharp\DotNet7\Start\Strings\Builder\Builder.csproj", "{896EB6D6-84E1-4821-BAB7-FBD647956C70}"
EndProject
Project("{9A19103F-16F7-4668-BE54-9A1E7A4F7556}") = "Formatting", "ExerciseFiles\LearningCSharp\DotNet7\Start\Strings\Formatting\Formatting.csproj", "{3F80C5BE-49CC-4107-9EF0-EF322B3646A6}"
EndProject
Project("{9A19103F-16F7-4668-BE54-9A1E7A4F7556}") = "Strings", "ExerciseFiles\LearningCSharp\DotNet7\Start\Strings\Interpolation\Strings.csproj", "{53F9C94F-01F2-4307-88C2-0589B8FBB7EB}"
EndProject
Project("{9A19103F-16F7-4668-BE54-9A1E7A4F7556}") = "Operations", "ExerciseFiles\LearningCSharp\DotNet7\Start\Strings\Operations\Operations.csproj", "{E20B75A5-E627-434B-B43C-BD7FD5797710}"
EndProject
Project("{9A19103F-16F7-4668-BE54-9A1E7A4F7556}") = "Parsing", "ExerciseFiles\LearningCSharp\DotNet7\Start\Strings\Parsing\Parsing.csproj", "{485F97D5-B508-46CC-A6B4-CCE21EF376D9}"
EndProject
Global
	GlobalSection(SolutionConfigurationPlatforms) = preSolution
		Debug|Any CPU = Debug|Any CPU
		Release|Any CPU = Release|Any CPU
	EndGlobalSection
	GlobalSection(ProjectConfigurationPlatforms) = postSolution
		{36C25223-D3B1-411C-A4E4-1F4D0C7E3DD8}.Debug|Any CPU.ActiveCfg = Debug|Any CPU
		{36C25223-D3B1-411C-A4E4-1F4D0C7E3DD8}.Debug|Any CPU.Build.0 = Debug|Any CPU
		{36C25223-D3B1-411C-A4E4-1F4D0C7E3DD8}.Release|Any CPU.ActiveCfg = Release|Any CPU
		{36C25223-D3B1-411C-A4E4-1F4D0C7E3DD8}.Release|Any CPU.Build.0 = Release|Any CPU
		{6FBD8F4D-F879-4E58-985B-35DF1DC0BC39}.Debug|Any CPU.ActiveCfg = Debug|Any CPU
		{6FBD8F4D-F879-4E58-985B-35DF1DC0BC39}.Debug|Any CPU.Build.0 = Debug|Any CPU
		{6FBD8F4D-F879-4E58-985B-35DF1DC0BC39}.Release|Any CPU.ActiveCfg = Release|Any CPU
		{6FBD8F4D-F879-4E58-985B-35DF1DC0BC39}.Release|Any CPU.Build.0 = Release|Any CPU
		{7103E17A-9732-4F3F-9F2A-032FE73F5796}.Debug|Any CPU.ActiveCfg = Debug|Any CPU
		{7103E17A-9732-4F3F-9F2A-032FE73F5796}.Debug|Any CPU.Build.0 = Debug|Any CPU
		{7103E17A-9732-4F3F-9F2A-032FE73F5796}.Release|Any CPU.ActiveCfg = Release|Any CPU
		{7103E17A-9732-4F3F-9F2A-032FE73F5796}.Release|Any CPU.Build.0 = Release|Any CPU
		{6456B2B4-3919-4235-A735-5BA96F6CF576}.Debug|Any CPU.ActiveCfg = Debug|Any CPU
		{6456B2B4-3919-4235-A735-5BA96F6CF576}.Debug|Any CPU.Build.0 = Debug|Any CPU
		{6456B2B4-3919-4235-A735-5BA96F6CF576}.Release|Any CPU.ActiveCfg = Release|Any CPU
		{6456B2B4-3919-4235-A735-5BA96F6CF576}.Release|Any CPU.Build.0 = Release|Any CPU
		{31FD226D-B38A-426A-867E-024ACD2A51A2}.Debug|Any CPU.ActiveCfg = Debug|Any CPU
		{31FD226D-B38A-426A-867E-024ACD2A51A2}.Debug|Any CPU.Build.0 = Debug|Any CPU
		{31FD226D-B38A-426A-867E-024ACD2A51A2}.Release|Any CPU.ActiveCfg = Release|Any CPU
		{31FD226D-B38A-426A-867E-024ACD2A51A2}.Release|Any CPU.Build.0 = Release|Any CPU
		{D9A1983C-3361-46C0-919A-6E20A6315137}.Debug|Any CPU.ActiveCfg = Debug|Any CPU
		{D9A1983C-3361-46C0-919A-6E20A6315137}.Debug|Any CPU.Build.0 = Debug|Any CPU
		{D9A1983C-3361-46C0-919A-6E20A6315137}.Release|Any CPU.ActiveCfg = Release|Any CPU
		{D9A1983C-3361-46C0-919A-6E20A6315137}.Release|Any CPU.Build.0 = Release|Any CPU
		{5B3BF18A-B758-40A8-9043-E7F427116AAF}.Debug|Any CPU.ActiveCfg = Debug|Any CPU
		{5B3BF18A-B758-40A8-9043-E7F427116AAF}.Debug|Any CPU.Build.0 = Debug|Any CPU
		{5B3BF18A-B758-40A8-9043-E7F427116AAF}.Release|Any CPU.ActiveCfg = Release|Any CPU
		{5B3BF18A-B758-40A8-9043-E7F427116AAF}.Release|Any CPU.Build.0 = Release|Any CPU
		{83AB2AAA-263A-4904-9D0A-409566FDFD4C}.Debug|Any CPU.ActiveCfg = Debug|Any CPU
		{83AB2AAA-263A-4904-9D0A-409566FDFD4C}.Debug|Any CPU.Build.0 = Debug|Any CPU
		{83AB2AAA-263A-4904-9D0A-409566FDFD4C}.Release|Any CPU.ActiveCfg = Release|Any CPU
		{83AB2AAA-263A-4904-9D0A-409566FDFD4C}.Release|Any CPU.Build.0 = Release|Any CPU
		{4BB49C42-95AC-4260-877C-52248ED25D9C}.Debug|Any CPU.ActiveCfg = Debug|Any CPU
		{4BB49C42-95AC-4260-877C-52248ED25D9C}.Debug|Any CPU.Build.0 = Debug|Any CPU
		{4BB49C42-95AC-4260-877C-52248ED25D9C}.Release|Any CPU.ActiveCfg = Release|Any CPU
		{4BB49C42-95AC-4260-877C-52248ED25D9C}.Release|Any CPU.Build.0 = Release|Any CPU
		{86A09A0B-FCE9-4BAA-A3F1-58395BD723A5}.Debug|Any CPU.ActiveCfg = Debug|Any CPU
		{86A09A0B-FCE9-4BAA-A3F1-58395BD723A5}.Debug|Any CPU.Build.0 = Debug|Any CPU
		{86A09A0B-FCE9-4BAA-A3F1-58395BD723A5}.Release|Any CPU.ActiveCfg = Release|Any CPU
		{86A09A0B-FCE9-4BAA-A3F1-58395BD723A5}.Release|Any CPU.Build.0 = Release|Any CPU
		{A9FE2997-41C3-4D65-B350-DF608EB7D7D8}.Debug|Any CPU.ActiveCfg = Debug|Any CPU
		{A9FE2997-41C3-4D65-B350-DF608EB7D7D8}.Debug|Any CPU.Build.0 = Debug|Any CPU
		{A9FE2997-41C3-4D65-B350-DF608EB7D7D8}.Release|Any CPU.ActiveCfg = Release|Any CPU
		{A9FE2997-41C3-4D65-B350-DF608EB7D7D8}.Release|Any CPU.Build.0 = Release|Any CPU
		{BFF65C0F-85A0-4CCF-89A9-3139F1D57057}.Debug|Any CPU.ActiveCfg = Debug|Any CPU
		{BFF65C0F-85A0-4CCF-89A9-3139F1D57057}.Debug|Any CPU.Build.0 = Debug|Any CPU
		{BFF65C0F-85A0-4CCF-89A9-3139F1D57057}.Release|Any CPU.ActiveCfg = Release|Any CPU
		{BFF65C0F-85A0-4CCF-89A9-3139F1D57057}.Release|Any CPU.Build.0 = Release|Any CPU
		{543E03D2-FACC-435D-9236-D24928AC96C8}.Debug|Any CPU.ActiveCfg = Debug|Any CPU
		{543E03D2-FACC-435D-9236-D24928AC96C8}.Debug|Any CPU.Build.0 = Debug|Any CPU
		{543E03D2-FACC-435D-9236-D24928AC96C8}.Release|Any CPU.ActiveCfg = Release|Any CPU
		{543E03D2-FACC-435D-9236-D24928AC96C8}.Release|Any CPU.Build.0 = Release|Any CPU
		{DC679D3F-CAF0-4AC9-8EB8-D592F0610883}.Debug|Any CPU.ActiveCfg = Debug|Any CPU
		{DC679D3F-CAF0-4AC9-8EB8-D592F0610883}.Debug|Any CPU.Build.0 = Debug|Any CPU
		{DC679D3F-CAF0-4AC9-8EB8-D592F0610883}.Release|Any CPU.ActiveCfg = Release|Any CPU
		{DC679D3F-CAF0-4AC9-8EB8-D592F0610883}.Release|Any CPU.Build.0 = Release|Any CPU
		{B8814D54-7667-4058-9A09-40BC0860912E}.Debug|Any CPU.ActiveCfg = Debug|Any CPU
		{B8814D54-7667-4058-9A09-40BC0860912E}.Debug|Any CPU.Build.0 = Debug|Any CPU
		{B8814D54-7667-4058-9A09-40BC0860912E}.Release|Any CPU.ActiveCfg = Release|Any CPU
		{B8814D54-7667-4058-9A09-40BC0860912E}.Release|Any CPU.Build.0 = Release|Any CPU
		{5FF0CD95-671B-4D4C-BB9F-33A134027837}.Debug|Any CPU.ActiveCfg = Debug|Any CPU
		{5FF0CD95-671B-4D4C-BB9F-33A134027837}.Debug|Any CPU.Build.0 = Debug|Any CPU
		{5FF0CD95-671B-4D4C-BB9F-33A134027837}.Release|Any CPU.ActiveCfg = Release|Any CPU
		{5FF0CD95-671B-4D4C-BB9F-33A134027837}.Release|Any CPU.Build.0 = Release|Any CPU
		{CAD9574A-D4FC-4E24-BD6E-D2D5B607386E}.Debug|Any CPU.ActiveCfg = Debug|Any CPU
		{CAD9574A-D4FC-4E24-BD6E-D2D5B607386E}.Debug|Any CPU.Build.0 = Debug|Any CPU
		{CAD9574A-D4FC-4E24-BD6E-D2D5B607386E}.Release|Any CPU.ActiveCfg = Release|Any CPU
		{CAD9574A-D4FC-4E24-BD6E-D2D5B607386E}.Release|Any CPU.Build.0 = Release|Any CPU
		{41CFB70B-557C-4068-A20C-F4BA61E91D88}.Debug|Any CPU.ActiveCfg = Debug|Any CPU
		{41CFB70B-557C-4068-A20C-F4BA61E91D88}.Debug|Any CPU.Build.0 = Debug|Any CPU
		{41CFB70B-557C-4068-A20C-F4BA61E91D88}.Release|Any CPU.ActiveCfg = Release|Any CPU
		{41CFB70B-557C-4068-A20C-F4BA61E91D88}.Release|Any CPU.Build.0 = Release|Any CPU
		{0A0D3C53-E7CA-4C6D-8BB1-33628CDF76B9}.Debug|Any CPU.ActiveCfg = Debug|Any CPU
		{0A0D3C53-E7CA-4C6D-8BB1-33628CDF76B9}.Debug|Any CPU.Build.0 = Debug|Any CPU
		{0A0D3C53-E7CA-4C6D-8BB1-33628CDF76B9}.Release|Any CPU.ActiveCfg = Release|Any CPU
		{0A0D3C53-E7CA-4C6D-8BB1-33628CDF76B9}.Release|Any CPU.Build.0 = Release|Any CPU
		{B2F0CF3E-531E-45AC-83EA-25A9CDA53F11}.Debug|Any CPU.ActiveCfg = Debug|Any CPU
		{B2F0CF3E-531E-45AC-83EA-25A9CDA53F11}.Debug|Any CPU.Build.0 = Debug|Any CPU
		{B2F0CF3E-531E-45AC-83EA-25A9CDA53F11}.Release|Any CPU.ActiveCfg = Release|Any CPU
		{B2F0CF3E-531E-45AC-83EA-25A9CDA53F11}.Release|Any CPU.Build.0 = Release|Any CPU
		{FFED2202-BA7B-4675-8A03-F93C3A9786C1}.Debug|Any CPU.ActiveCfg = Debug|Any CPU
		{FFED2202-BA7B-4675-8A03-F93C3A9786C1}.Debug|Any CPU.Build.0 = Debug|Any CPU
		{FFED2202-BA7B-4675-8A03-F93C3A9786C1}.Release|Any CPU.ActiveCfg = Release|Any CPU
		{FFED2202-BA7B-4675-8A03-F93C3A9786C1}.Release|Any CPU.Build.0 = Release|Any CPU
		{06D7251E-AE1E-4609-A8F2-EDF939BD130A}.Debug|Any CPU.ActiveCfg = Debug|Any CPU
		{06D7251E-AE1E-4609-A8F2-EDF939BD130A}.Debug|Any CPU.Build.0 = Debug|Any CPU
		{06D7251E-AE1E-4609-A8F2-EDF939BD130A}.Release|Any CPU.ActiveCfg = Release|Any CPU
		{06D7251E-AE1E-4609-A8F2-EDF939BD130A}.Release|Any CPU.Build.0 = Release|Any CPU
		{370BFB2D-4BF2-4AE2-AFC9-FBCB11898759}.Debug|Any CPU.ActiveCfg = Debug|Any CPU
		{370BFB2D-4BF2-4AE2-AFC9-FBCB11898759}.Debug|Any CPU.Build.0 = Debug|Any CPU
		{370BFB2D-4BF2-4AE2-AFC9-FBCB11898759}.Release|Any CPU.ActiveCfg = Release|Any CPU
		{370BFB2D-4BF2-4AE2-AFC9-FBCB11898759}.Release|Any CPU.Build.0 = Release|Any CPU
		{3318E159-10F5-4349-BA27-E113233EDFF7}.Debug|Any CPU.ActiveCfg = Debug|Any CPU
		{3318E159-10F5-4349-BA27-E113233EDFF7}.Debug|Any CPU.Build.0 = Debug|Any CPU
		{3318E159-10F5-4349-BA27-E113233EDFF7}.Release|Any CPU.ActiveCfg = Release|Any CPU
		{3318E159-10F5-4349-BA27-E113233EDFF7}.Release|Any CPU.Build.0 = Release|Any CPU
		{5A29EFC4-0EC3-44A1-9709-2FAD89D26FAA}.Debug|Any CPU.ActiveCfg = Debug|Any CPU
		{5A29EFC4-0EC3-44A1-9709-2FAD89D26FAA}.Debug|Any CPU.Build.0 = Debug|Any CPU
		{5A29EFC4-0EC3-44A1-9709-2FAD89D26FAA}.Release|Any CPU.ActiveCfg = Release|Any CPU
		{5A29EFC4-0EC3-44A1-9709-2FAD89D26FAA}.Release|Any CPU.Build.0 = Release|Any CPU
		{96DB20FF-5320-482C-8373-3E6958780D8C}.Debug|Any CPU.ActiveCfg = Debug|Any CPU
		{96DB20FF-5320-482C-8373-3E6958780D8C}.Debug|Any CPU.Build.0 = Debug|Any CPU
		{96DB20FF-5320-482C-8373-3E6958780D8C}.Release|Any CPU.ActiveCfg = Release|Any CPU
		{96DB20FF-5320-482C-8373-3E6958780D8C}.Release|Any CPU.Build.0 = Release|Any CPU
		{A54CD9BC-D783-400E-968D-A71AC63DB6D8}.Debug|Any CPU.ActiveCfg = Debug|Any CPU
		{A54CD9BC-D783-400E-968D-A71AC63DB6D8}.Debug|Any CPU.Build.0 = Debug|Any CPU
		{A54CD9BC-D783-400E-968D-A71AC63DB6D8}.Release|Any CPU.ActiveCfg = Release|Any CPU
		{A54CD9BC-D783-400E-968D-A71AC63DB6D8}.Release|Any CPU.Build.0 = Release|Any CPU
		{EDA45E56-5FEC-4CBA-B6D2-A3823CC7314E}.Debug|Any CPU.ActiveCfg = Debug|Any CPU
		{EDA45E56-5FEC-4CBA-B6D2-A3823CC7314E}.Debug|Any CPU.Build.0 = Debug|Any CPU
		{EDA45E56-5FEC-4CBA-B6D2-A3823CC7314E}.Release|Any CPU.ActiveCfg = Release|Any CPU
		{EDA45E56-5FEC-4CBA-B6D2-A3823CC7314E}.Release|Any CPU.Build.0 = Release|Any CPU
		{B5FABD67-165C-4816-BFE9-1746A9B61777}.Debug|Any CPU.ActiveCfg = Debug|Any CPU
		{B5FABD67-165C-4816-BFE9-1746A9B61777}.Debug|Any CPU.Build.0 = Debug|Any CPU
		{B5FABD67-165C-4816-BFE9-1746A9B61777}.Release|Any CPU.ActiveCfg = Release|Any CPU
		{B5FABD67-165C-4816-BFE9-1746A9B61777}.Release|Any CPU.Build.0 = Release|Any CPU
		{5C88B35B-8B57-4EE9-851C-C085FCBE09A5}.Debug|Any CPU.ActiveCfg = Debug|Any CPU
		{5C88B35B-8B57-4EE9-851C-C085FCBE09A5}.Debug|Any CPU.Build.0 = Debug|Any CPU
		{5C88B35B-8B57-4EE9-851C-C085FCBE09A5}.Release|Any CPU.ActiveCfg = Release|Any CPU
		{5C88B35B-8B57-4EE9-851C-C085FCBE09A5}.Release|Any CPU.Build.0 = Release|Any CPU
		{98629A68-1EC3-4CC3-933A-A57C861BE086}.Debug|Any CPU.ActiveCfg = Debug|Any CPU
		{98629A68-1EC3-4CC3-933A-A57C861BE086}.Debug|Any CPU.Build.0 = Debug|Any CPU
		{98629A68-1EC3-4CC3-933A-A57C861BE086}.Release|Any CPU.ActiveCfg = Release|Any CPU
		{98629A68-1EC3-4CC3-933A-A57C861BE086}.Release|Any CPU.Build.0 = Release|Any CPU
		{6451F6E8-A09B-4743-82CD-358F1803EAD5}.Debug|Any CPU.ActiveCfg = Debug|Any CPU
		{6451F6E8-A09B-4743-82CD-358F1803EAD5}.Debug|Any CPU.Build.0 = Debug|Any CPU
		{6451F6E8-A09B-4743-82CD-358F1803EAD5}.Release|Any CPU.ActiveCfg = Release|Any CPU
		{6451F6E8-A09B-4743-82CD-358F1803EAD5}.Release|Any CPU.Build.0 = Release|Any CPU
		{2916387C-EE1D-45E2-B926-7CED33DF7088}.Debug|Any CPU.ActiveCfg = Debug|Any CPU
		{2916387C-EE1D-45E2-B926-7CED33DF7088}.Debug|Any CPU.Build.0 = Debug|Any CPU
		{2916387C-EE1D-45E2-B926-7CED33DF7088}.Release|Any CPU.ActiveCfg = Release|Any CPU
		{2916387C-EE1D-45E2-B926-7CED33DF7088}.Release|Any CPU.Build.0 = Release|Any CPU
		{BD662C47-C208-4B9B-BB1A-E33B3623ECCE}.Debug|Any CPU.ActiveCfg = Debug|Any CPU
		{BD662C47-C208-4B9B-BB1A-E33B3623ECCE}.Debug|Any CPU.Build.0 = Debug|Any CPU
		{BD662C47-C208-4B9B-BB1A-E33B3623ECCE}.Release|Any CPU.ActiveCfg = Release|Any CPU
		{BD662C47-C208-4B9B-BB1A-E33B3623ECCE}.Release|Any CPU.Build.0 = Release|Any CPU
		{32304446-E619-427D-846A-D2B4C807E037}.Debug|Any CPU.ActiveCfg = Debug|Any CPU
		{32304446-E619-427D-846A-D2B4C807E037}.Debug|Any CPU.Build.0 = Debug|Any CPU
		{32304446-E619-427D-846A-D2B4C807E037}.Release|Any CPU.ActiveCfg = Release|Any CPU
		{32304446-E619-427D-846A-D2B4C807E037}.Release|Any CPU.Build.0 = Release|Any CPU
		{1DC8AB87-CC84-4F0F-913E-7D954897CA29}.Debug|Any CPU.ActiveCfg = Debug|Any CPU
		{1DC8AB87-CC84-4F0F-913E-7D954897CA29}.Debug|Any CPU.Build.0 = Debug|Any CPU
		{1DC8AB87-CC84-4F0F-913E-7D954897CA29}.Release|Any CPU.ActiveCfg = Release|Any CPU
		{1DC8AB87-CC84-4F0F-913E-7D954897CA29}.Release|Any CPU.Build.0 = Release|Any CPU
		{B49C44BA-0316-42E3-AA96-921F8E784958}.Debug|Any CPU.ActiveCfg = Debug|Any CPU
		{B49C44BA-0316-42E3-AA96-921F8E784958}.Debug|Any CPU.Build.0 = Debug|Any CPU
		{B49C44BA-0316-42E3-AA96-921F8E784958}.Release|Any CPU.ActiveCfg = Release|Any CPU
		{B49C44BA-0316-42E3-AA96-921F8E784958}.Release|Any CPU.Build.0 = Release|Any CPU
		{497A882B-7F44-4C68-9B1C-E0099F424E50}.Debug|Any CPU.ActiveCfg = Debug|Any CPU
		{497A882B-7F44-4C68-9B1C-E0099F424E50}.Debug|Any CPU.Build.0 = Debug|Any CPU
		{497A882B-7F44-4C68-9B1C-E0099F424E50}.Release|Any CPU.ActiveCfg = Release|Any CPU
		{497A882B-7F44-4C68-9B1C-E0099F424E50}.Release|Any CPU.Build.0 = Release|Any CPU
		{80E7C287-BC0D-412C-B36B-7A592DE25536}.Debug|Any CPU.ActiveCfg = Debug|Any CPU
		{80E7C287-BC0D-412C-B36B-7A592DE25536}.Debug|Any CPU.Build.0 = Debug|Any CPU
		{80E7C287-BC0D-412C-B36B-7A592DE25536}.Release|Any CPU.ActiveCfg = Release|Any CPU
		{80E7C287-BC0D-412C-B36B-7A592DE25536}.Release|Any CPU.Build.0 = Release|Any CPU
		{F34CE0BA-CD8E-4523-8F1E-CCA1B367A068}.Debug|Any CPU.ActiveCfg = Debug|Any CPU
		{F34CE0BA-CD8E-4523-8F1E-CCA1B367A068}.Debug|Any CPU.Build.0 = Debug|Any CPU
		{F34CE0BA-CD8E-4523-8F1E-CCA1B367A068}.Release|Any CPU.ActiveCfg = Release|Any CPU
		{F34CE0BA-CD8E-4523-8F1E-CCA1B367A068}.Release|Any CPU.Build.0 = Release|Any CPU
		{832CD141-A621-423E-8BBC-4C954D476EC9}.Debug|Any CPU.ActiveCfg = Debug|Any CPU
		{832CD141-A621-423E-8BBC-4C954D476EC9}.Debug|Any CPU.Build.0 = Debug|Any CPU
		{832CD141-A621-423E-8BBC-4C954D476EC9}.Release|Any CPU.ActiveCfg = Release|Any CPU
		{832CD141-A621-423E-8BBC-4C954D476EC9}.Release|Any CPU.Build.0 = Release|Any CPU
		{BA097FC8-A712-4103-9B4E-736119DC9258}.Debug|Any CPU.ActiveCfg = Debug|Any CPU
		{BA097FC8-A712-4103-9B4E-736119DC9258}.Debug|Any CPU.Build.0 = Debug|Any CPU
		{BA097FC8-A712-4103-9B4E-736119DC9258}.Release|Any CPU.ActiveCfg = Release|Any CPU
		{BA097FC8-A712-4103-9B4E-736119DC9258}.Release|Any CPU.Build.0 = Release|Any CPU
		{896EB6D6-84E1-4821-BAB7-FBD647956C70}.Debug|Any CPU.ActiveCfg = Debug|Any CPU
		{896EB6D6-84E1-4821-BAB7-FBD647956C70}.Debug|Any CPU.Build.0 = Debug|Any CPU
		{896EB6D6-84E1-4821-BAB7-FBD647956C70}.Release|Any CPU.ActiveCfg = Release|Any CPU
		{896EB6D6-84E1-4821-BAB7-FBD647956C70}.Release|Any CPU.Build.0 = Release|Any CPU
		{3F80C5BE-49CC-4107-9EF0-EF322B3646A6}.Debug|Any CPU.ActiveCfg = Debug|Any CPU
		{3F80C5BE-49CC-4107-9EF0-EF322B3646A6}.Debug|Any CPU.Build.0 = Debug|Any CPU
		{3F80C5BE-49CC-4107-9EF0-EF322B3646A6}.Release|Any CPU.ActiveCfg = Release|Any CPU
		{3F80C5BE-49CC-4107-9EF0-EF322B3646A6}.Release|Any CPU.Build.0 = Release|Any CPU
		{53F9C94F-01F2-4307-88C2-0589B8FBB7EB}.Debug|Any CPU.ActiveCfg = Debug|Any CPU
		{53F9C94F-01F2-4307-88C2-0589B8FBB7EB}.Debug|Any CPU.Build.0 = Debug|Any CPU
		{53F9C94F-01F2-4307-88C2-0589B8FBB7EB}.Release|Any CPU.ActiveCfg = Release|Any CPU
		{53F9C94F-01F2-4307-88C2-0589B8FBB7EB}.Release|Any CPU.Build.0 = Release|Any CPU
		{E20B75A5-E627-434B-B43C-BD7FD5797710}.Debug|Any CPU.ActiveCfg = Debug|Any CPU
		{E20B75A5-E627-434B-B43C-BD7FD5797710}.Debug|Any CPU.Build.0 = Debug|Any CPU
		{E20B75A5-E627-434B-B43C-BD7FD5797710}.Release|Any CPU.ActiveCfg = Release|Any CPU
		{E20B75A5-E627-434B-B43C-BD7FD5797710}.Release|Any CPU.Build.0 = Release|Any CPU
		{485F97D5-B508-46CC-A6B4-CCE21EF376D9}.Debug|Any CPU.ActiveCfg = Debug|Any CPU
		{485F97D5-B508-46CC-A6B4-CCE21EF376D9}.Debug|Any CPU.Build.0 = Debug|Any CPU
		{485F97D5-B508-46CC-A6B4-CCE21EF376D9}.Release|Any CPU.ActiveCfg = Release|Any CPU
		{485F97D5-B508-46CC-A6B4-CCE21EF376D9}.Release|Any CPU.Build.0 = Release|Any CPU
	EndGlobalSection
	GlobalSection(SolutionProperties) = preSolution
		HideSolutionNode = FALSE
	EndGlobalSection
	GlobalSection(NestedProjects) = preSolution
		{3746A2E1-8056-428F-A610-C506776A9401} = {46900DB9-098F-4E66-BAED-39FF563AD9BB}
		{20A8126C-1B15-48B0-B3FA-C539E991A347} = {3746A2E1-8056-428F-A610-C506776A9401}
		{6DF5726A-BC57-4751-83F5-4F9EC0C607DA} = {20A8126C-1B15-48B0-B3FA-C539E991A347}
		{EB12B93F-73B3-42DB-BCDC-9FB6626EB729} = {6DF5726A-BC57-4751-83F5-4F9EC0C607DA}
		{36C25223-D3B1-411C-A4E4-1F4D0C7E3DD8} = {EB12B93F-73B3-42DB-BCDC-9FB6626EB729}
		{6FBD8F4D-F879-4E58-985B-35DF1DC0BC39} = {EB12B93F-73B3-42DB-BCDC-9FB6626EB729}
		{7103E17A-9732-4F3F-9F2A-032FE73F5796} = {EB12B93F-73B3-42DB-BCDC-9FB6626EB729}
		{6456B2B4-3919-4235-A735-5BA96F6CF576} = {EB12B93F-73B3-42DB-BCDC-9FB6626EB729}
		{31FD226D-B38A-426A-867E-024ACD2A51A2} = {EB12B93F-73B3-42DB-BCDC-9FB6626EB729}
		{3E5095B2-3C0A-436F-926D-975CC6EC3935} = {6DF5726A-BC57-4751-83F5-4F9EC0C607DA}
		{D9A1983C-3361-46C0-919A-6E20A6315137} = {3E5095B2-3C0A-436F-926D-975CC6EC3935}
		{5B3BF18A-B758-40A8-9043-E7F427116AAF} = {3E5095B2-3C0A-436F-926D-975CC6EC3935}
		{83AB2AAA-263A-4904-9D0A-409566FDFD4C} = {3E5095B2-3C0A-436F-926D-975CC6EC3935}
		{4BB49C42-95AC-4260-877C-52248ED25D9C} = {3E5095B2-3C0A-436F-926D-975CC6EC3935}
		{A48791A6-0EF2-47EA-9A35-8E7564902787} = {6DF5726A-BC57-4751-83F5-4F9EC0C607DA}
		{86A09A0B-FCE9-4BAA-A3F1-58395BD723A5} = {A48791A6-0EF2-47EA-9A35-8E7564902787}
		{A9FE2997-41C3-4D65-B350-DF608EB7D7D8} = {A48791A6-0EF2-47EA-9A35-8E7564902787}
		{BFF65C0F-85A0-4CCF-89A9-3139F1D57057} = {A48791A6-0EF2-47EA-9A35-8E7564902787}
		{543E03D2-FACC-435D-9236-D24928AC96C8} = {A48791A6-0EF2-47EA-9A35-8E7564902787}
		{3F5F29B3-1297-47E8-A27F-903B93FC5BB6} = {6DF5726A-BC57-4751-83F5-4F9EC0C607DA}
		{DC679D3F-CAF0-4AC9-8EB8-D592F0610883} = {3F5F29B3-1297-47E8-A27F-903B93FC5BB6}
		{B8814D54-7667-4058-9A09-40BC0860912E} = {3F5F29B3-1297-47E8-A27F-903B93FC5BB6}
		{5FF0CD95-671B-4D4C-BB9F-33A134027837} = {3F5F29B3-1297-47E8-A27F-903B93FC5BB6}
		{CAD9574A-D4FC-4E24-BD6E-D2D5B607386E} = {3F5F29B3-1297-47E8-A27F-903B93FC5BB6}
		{41CFB70B-557C-4068-A20C-F4BA61E91D88} = {3F5F29B3-1297-47E8-A27F-903B93FC5BB6}
		{0A0D3C53-E7CA-4C6D-8BB1-33628CDF76B9} = {3F5F29B3-1297-47E8-A27F-903B93FC5BB6}
		{CE9A5A72-11B1-4750-AB77-68F1596F72EE} = {6DF5726A-BC57-4751-83F5-4F9EC0C607DA}
		{B2F0CF3E-531E-45AC-83EA-25A9CDA53F11} = {CE9A5A72-11B1-4750-AB77-68F1596F72EE}
		{FFED2202-BA7B-4675-8A03-F93C3A9786C1} = {CE9A5A72-11B1-4750-AB77-68F1596F72EE}
		{06D7251E-AE1E-4609-A8F2-EDF939BD130A} = {CE9A5A72-11B1-4750-AB77-68F1596F72EE}
		{370BFB2D-4BF2-4AE2-AFC9-FBCB11898759} = {CE9A5A72-11B1-4750-AB77-68F1596F72EE}
		{3318E159-10F5-4349-BA27-E113233EDFF7} = {CE9A5A72-11B1-4750-AB77-68F1596F72EE}
		{AC508544-8868-444E-9972-1AACB11E7B61} = {20A8126C-1B15-48B0-B3FA-C539E991A347}
		{E338A586-727A-41BE-BDE0-0FF30FC9E137} = {AC508544-8868-444E-9972-1AACB11E7B61}
		{5A29EFC4-0EC3-44A1-9709-2FAD89D26FAA} = {E338A586-727A-41BE-BDE0-0FF30FC9E137}
		{96DB20FF-5320-482C-8373-3E6958780D8C} = {E338A586-727A-41BE-BDE0-0FF30FC9E137}
		{A54CD9BC-D783-400E-968D-A71AC63DB6D8} = {E338A586-727A-41BE-BDE0-0FF30FC9E137}
		{EDA45E56-5FEC-4CBA-B6D2-A3823CC7314E} = {E338A586-727A-41BE-BDE0-0FF30FC9E137}
		{B5FABD67-165C-4816-BFE9-1746A9B61777} = {E338A586-727A-41BE-BDE0-0FF30FC9E137}
		{52BCB2BC-1B15-4B0B-B14F-241CBF022C64} = {AC508544-8868-444E-9972-1AACB11E7B61}
		{5C88B35B-8B57-4EE9-851C-C085FCBE09A5} = {52BCB2BC-1B15-4B0B-B14F-241CBF022C64}
		{98629A68-1EC3-4CC3-933A-A57C861BE086} = {52BCB2BC-1B15-4B0B-B14F-241CBF022C64}
		{6451F6E8-A09B-4743-82CD-358F1803EAD5} = {52BCB2BC-1B15-4B0B-B14F-241CBF022C64}
		{2916387C-EE1D-45E2-B926-7CED33DF7088} = {52BCB2BC-1B15-4B0B-B14F-241CBF022C64}
		{CA29835C-9263-4868-AF3B-84CD3D9B1B9A} = {AC508544-8868-444E-9972-1AACB11E7B61}
		{BD662C47-C208-4B9B-BB1A-E33B3623ECCE} = {CA29835C-9263-4868-AF3B-84CD3D9B1B9A}
		{32304446-E619-427D-846A-D2B4C807E037} = {CA29835C-9263-4868-AF3B-84CD3D9B1B9A}
		{1DC8AB87-CC84-4F0F-913E-7D954897CA29} = {CA29835C-9263-4868-AF3B-84CD3D9B1B9A}
		{55EF8CC5-D52B-4065-BB66-8977847187FB} = {AC508544-8868-444E-9972-1AACB11E7B61}
		{B49C44BA-0316-42E3-AA96-921F8E784958} = {55EF8CC5-D52B-4065-BB66-8977847187FB}
		{497A882B-7F44-4C68-9B1C-E0099F424E50} = {55EF8CC5-D52B-4065-BB66-8977847187FB}
		{80E7C287-BC0D-412C-B36B-7A592DE25536} = {55EF8CC5-D52B-4065-BB66-8977847187FB}
		{F34CE0BA-CD8E-4523-8F1E-CCA1B367A068} = {55EF8CC5-D52B-4065-BB66-8977847187FB}
		{832CD141-A621-423E-8BBC-4C954D476EC9} = {55EF8CC5-D52B-4065-BB66-8977847187FB}
		{BA097FC8-A712-4103-9B4E-736119DC9258} = {55EF8CC5-D52B-4065-BB66-8977847187FB}
		{FB89DC30-0BF7-4AA2-AB7C-7D96F5913B7D} = {AC508544-8868-444E-9972-1AACB11E7B61}
		{896EB6D6-84E1-4821-BAB7-FBD647956C70} = {FB89DC30-0BF7-4AA2-AB7C-7D96F5913B7D}
		{3F80C5BE-49CC-4107-9EF0-EF322B3646A6} = {FB89DC30-0BF7-4AA2-AB7C-7D96F5913B7D}
		{53F9C94F-01F2-4307-88C2-0589B8FBB7EB} = {FB89DC30-0BF7-4AA2-AB7C-7D96F5913B7D}
		{E20B75A5-E627-434B-B43C-BD7FD5797710} = {FB89DC30-0BF7-4AA2-AB7C-7D96F5913B7D}
		{485F97D5-B508-46CC-A6B4-CCE21EF376D9} = {FB89DC30-0BF7-4AA2-AB7C-7D96F5913B7D}
	EndGlobalSection
	GlobalSection(ExtensibilityGlobals) = postSolution
		SolutionGuid = {A764A0D2-C166-4665-B444-16A5A945FBAF}
	EndGlobalSection
EndGlobal
